<?xml version="1.0" encoding="utf-8"?>
<Project ToolsVersion="4.0" xmlns="http://schemas.microsoft.com/developer/msbuild/2003">
  <ItemGroup>
    <Filter Include="소스 파일">
      <UniqueIdentifier>{4FC737F1-C7A5-4376-A066-2A32D752A2FF}</UniqueIdentifier>
      <Extensions>cpp;c;cc;cxx;c++;cppm;ixx;def;odl;idl;hpj;bat;asm;asmx</Extensions>
    </Filter>
    <Filter Include="헤더 파일">
      <UniqueIdentifier>{93995380-89BD-4b04-88EB-625FBE52EBFB}</UniqueIdentifier>
      <Extensions>h;hh;hpp;hxx;h++;hm;inl;inc;ipp;xsd</Extensions>
    </Filter>
    <Filter Include="리소스 파일">
      <UniqueIdentifier>{67DA6AB6-F800-4c08-8B7A-83BB121AAD01}</UniqueIdentifier>
      <Extensions>rc;ico;cur;bmp;dlg;rc2;rct;bin;rgs;gif;jpg;jpeg;jpe;resx;tiff;tif;png;wav;mfcribbon-ms</Extensions>
    </Filter>
    <Filter Include="jongmin">
      <UniqueIdentifier>{c69cae9d-bf54-4aeb-9160-dd8a2f970750}</UniqueIdentifier>
    </Filter>
    <Filter Include="리소스 파일\동물 시리즈">
      <UniqueIdentifier>{2df7c73d-48d1-47b2-8861-56f42080cafc}</UniqueIdentifier>
    </Filter>
    <Filter Include="리소스 파일\몬스터 시리즈">
      <UniqueIdentifier>{23914c1c-5a42-43d6-8970-fea71478f55e}</UniqueIdentifier>
    </Filter>
    <Filter Include="리소스 파일\Day">
      <UniqueIdentifier>{eec5b061-c7fd-432e-a0d2-71b8a91a5243}</UniqueIdentifier>
    </Filter>
    <Filter Include="리소스 파일\모양">
      <UniqueIdentifier>{0e033b6d-c7b9-4692-974e-ed8b1e5ca4f9}</UniqueIdentifier>
    </Filter>
    <Filter Include="리소스 파일\Maze">
      <UniqueIdentifier>{322fea11-e020-4060-8863-b5b9b5b9ad18}</UniqueIdentifier>
    </Filter>
    <Filter Include="리소스 파일\Maze\객체">
      <UniqueIdentifier>{2e598ecd-1211-414f-aeb1-9dd3d054e596}</UniqueIdentifier>
    </Filter>
    <Filter Include="리소스 파일\잡">
      <UniqueIdentifier>{2accfd79-cc42-419c-a189-faf161fd1fbb}</UniqueIdentifier>
    </Filter>
    <Filter Include="리소스 파일\자료구조">
      <UniqueIdentifier>{927011a5-9956-4621-a54f-69b509e24a79}</UniqueIdentifier>
    </Filter>
  </ItemGroup>
  <ItemGroup>
    <ClCompile Include="hi.cpp">
      <Filter>소스 파일</Filter>
    </ClCompile>
    <ClCompile Include="D0916.cpp">
      <Filter>소스 파일</Filter>
    </ClCompile>
    <ClCompile Include="Animal.cpp">
      <Filter>리소스 파일\동물 시리즈</Filter>
    </ClCompile>
    <ClCompile Include="Elephant.cpp">
      <Filter>리소스 파일\동물 시리즈</Filter>
    </ClCompile>
    <ClCompile Include="Eagle.cpp">
      <Filter>리소스 파일\동물 시리즈</Filter>
    </ClCompile>
    <ClCompile Include="Dog.cpp">
      <Filter>리소스 파일\동물 시리즈</Filter>
    </ClCompile>
    <ClCompile Include="D0910.cpp">
      <Filter>리소스 파일\Day</Filter>
    </ClCompile>
    <ClCompile Include="D0911.cpp">
      <Filter>리소스 파일\Day</Filter>
    </ClCompile>
    <ClCompile Include="D0912.cpp">
      <Filter>리소스 파일\Day</Filter>
    </ClCompile>
    <ClCompile Include="D0914.cpp">
      <Filter>리소스 파일\Day</Filter>
    </ClCompile>
    <ClCompile Include="D0915.cpp">
      <Filter>리소스 파일\Day</Filter>
    </ClCompile>
    <ClCompile Include="D0917.cpp">
      <Filter>소스 파일</Filter>
    </ClCompile>
    <ClCompile Include="Shape.cpp">
      <Filter>리소스 파일\모양</Filter>
    </ClCompile>
    <ClCompile Include="Test.cpp">
      <Filter>리소스 파일\Maze</Filter>
    </ClCompile>
    <ClCompile Include="MazeEscape.cpp">
      <Filter>리소스 파일\Maze</Filter>
    </ClCompile>
    <ClCompile Include="Actor.cpp">
      <Filter>리소스 파일\Maze\객체</Filter>
    </ClCompile>
    <ClCompile Include="Goblin.cpp">
      <Filter>리소스 파일\Maze\객체</Filter>
    </ClCompile>
    <ClCompile Include="Monster123.cpp">
      <Filter>리소스 파일\Maze\객체</Filter>
    </ClCompile>
    <ClCompile Include="Monster.cpp">
      <Filter>리소스 파일\Maze\객체</Filter>
    </ClCompile>
    <ClCompile Include="Orc.cpp">
      <Filter>리소스 파일\Maze\객체</Filter>
    </ClCompile>
    <ClCompile Include="Player.cpp">
      <Filter>리소스 파일\Maze\객체</Filter>
    </ClCompile>
    <ClCompile Include="Skeleton.cpp">
      <Filter>리소스 파일\Maze\객체</Filter>
    </ClCompile>
    <ClCompile Include="Zombie.cpp">
      <Filter>리소스 파일\Maze\객체</Filter>
    </ClCompile>
    <ClCompile Include="MazePlayer.cpp">
      <Filter>리소스 파일\Maze\객체</Filter>
    </ClCompile>
    <ClCompile Include="TestMath.cpp">
      <Filter>리소스 파일\잡</Filter>
    </ClCompile>
    <ClCompile Include="SaveData.cpp">
      <Filter>리소스 파일\잡</Filter>
    </ClCompile>
    <ClCompile Include="Practice.cpp">
      <Filter>리소스 파일\잡</Filter>
    </ClCompile>
    <ClCompile Include="Car.cpp">
      <Filter>리소스 파일\잡</Filter>
    </ClCompile>
    <ClCompile Include="D0918.cpp">
      <Filter>소스 파일</Filter>
    </ClCompile>
    <ClCompile Include="LinkedList.cpp">
      <Filter>리소스 파일\자료구조</Filter>
    </ClCompile>
    <ClCompile Include="DLinkedList.cpp">
      <Filter>리소스 파일\자료구조</Filter>
    </ClCompile>
    <ClCompile Include="FixedStack.cpp">
      <Filter>리소스 파일\자료구조</Filter>
    </ClCompile>
    <ClCompile Include="D0919.cpp">
      <Filter>소스 파일</Filter>
    </ClCompile>
    <ClCompile Include="CircularQueue.cpp">
      <Filter>리소스 파일\자료구조</Filter>
    </ClCompile>
    <ClCompile Include="CircularQueue2.cpp">
      <Filter>리소스 파일\자료구조</Filter>
    </ClCompile>
    <ClCompile Include="Weekend0920.cpp">
      <Filter>소스 파일</Filter>
    </ClCompile>
  </ItemGroup>
  <ItemGroup>
    <ClInclude Include="D0916.h">
      <Filter>헤더 파일</Filter>
    </ClInclude>
    <ClInclude Include="Animal.h">
      <Filter>리소스 파일\동물 시리즈</Filter>
    </ClInclude>
    <ClInclude Include="Elephant.h">
      <Filter>리소스 파일\동물 시리즈</Filter>
    </ClInclude>
    <ClInclude Include="Eagle.h">
      <Filter>리소스 파일\동물 시리즈</Filter>
    </ClInclude>
    <ClInclude Include="Dog.h">
      <Filter>리소스 파일\동물 시리즈</Filter>
    </ClInclude>
    <ClInclude Include="D0910.h">
      <Filter>리소스 파일\Day</Filter>
    </ClInclude>
    <ClInclude Include="D0911.h">
      <Filter>리소스 파일\Day</Filter>
    </ClInclude>
    <ClInclude Include="D0912.h">
      <Filter>리소스 파일\Day</Filter>
    </ClInclude>
    <ClInclude Include="D0914.h">
      <Filter>리소스 파일\Day</Filter>
    </ClInclude>
    <ClInclude Include="D0915.h">
      <Filter>리소스 파일\Day</Filter>
    </ClInclude>
    <ClInclude Include="D0917.h">
      <Filter>헤더 파일</Filter>
    </ClInclude>
    <ClInclude Include="Shape.h">
      <Filter>리소스 파일\모양</Filter>
    </ClInclude>
    <ClInclude Include="IFlyable.h">
      <Filter>리소스 파일\동물 시리즈</Filter>
    </ClInclude>
    <ClInclude Include="ISwimable.h">
      <Filter>리소스 파일\동물 시리즈</Filter>
    </ClInclude>
    <ClInclude Include="IBattleable.h">
      <Filter>리소스 파일\동물 시리즈</Filter>
    </ClInclude>
    <ClInclude Include="IcanBattle.h">
      <Filter>리소스 파일\동물 시리즈</Filter>
    </ClInclude>
    <ClInclude Include="PlayerData.h">
      <Filter>리소스 파일\Maze</Filter>
    </ClInclude>
    <ClInclude Include="Position.h">
      <Filter>리소스 파일\Maze</Filter>
    </ClInclude>
    <ClInclude Include="Test.h">
      <Filter>리소스 파일\Maze</Filter>
    </ClInclude>
    <ClInclude Include="EnemyData.h">
      <Filter>리소스 파일\Maze</Filter>
    </ClInclude>
    <ClInclude Include="MazeEscape.h">
      <Filter>리소스 파일\Maze</Filter>
    </ClInclude>
    <ClInclude Include="Actor.h">
      <Filter>리소스 파일\Maze\객체</Filter>
    </ClInclude>
    <ClInclude Include="Goblin.h">
      <Filter>리소스 파일\Maze\객체</Filter>
    </ClInclude>
    <ClInclude Include="Monster123.h">
      <Filter>리소스 파일\Maze\객체</Filter>
    </ClInclude>
    <ClInclude Include="Monster.h">
      <Filter>리소스 파일\Maze\객체</Filter>
    </ClInclude>
    <ClInclude Include="Orc.h">
      <Filter>리소스 파일\Maze\객체</Filter>
    </ClInclude>
    <ClInclude Include="Player.h">
      <Filter>리소스 파일\Maze\객체</Filter>
    </ClInclude>
    <ClInclude Include="Skeleton.h">
      <Filter>리소스 파일\Maze\객체</Filter>
    </ClInclude>
    <ClInclude Include="Zombie.h">
      <Filter>리소스 파일\Maze\객체</Filter>
    </ClInclude>
    <ClInclude Include="MazePlayer.h">
      <Filter>리소스 파일\Maze\객체</Filter>
    </ClInclude>
    <ClInclude Include="TestSample.h">
      <Filter>리소스 파일\잡</Filter>
    </ClInclude>
    <ClInclude Include="TestMath.h">
      <Filter>리소스 파일\잡</Filter>
    </ClInclude>
    <ClInclude Include="SaveData.h">
      <Filter>리소스 파일\잡</Filter>
    </ClInclude>
    <ClInclude Include="Practice.h">
      <Filter>리소스 파일\잡</Filter>
    </ClInclude>
    <ClInclude Include="Position1111.h">
      <Filter>리소스 파일\잡</Filter>
    </ClInclude>
    <ClInclude Include="Car.h">
      <Filter>리소스 파일\잡</Filter>
    </ClInclude>
    <ClInclude Include="D0918.h">
      <Filter>헤더 파일</Filter>
    </ClInclude>
    <ClInclude Include="LinkedList.h">
      <Filter>리소스 파일\자료구조</Filter>
    </ClInclude>
    <ClInclude Include="DLinkedList.h">
      <Filter>리소스 파일\자료구조</Filter>
    </ClInclude>
    <ClInclude Include="FixedStack.h">
      <Filter>리소스 파일\자료구조</Filter>
    </ClInclude>
    <ClInclude Include="D0919.h">
      <Filter>헤더 파일</Filter>
    </ClInclude>
    <ClInclude Include="CircularQueue.h">
      <Filter>리소스 파일\자료구조</Filter>
    </ClInclude>
    <ClInclude Include="CircularQueue2.h">
      <Filter>리소스 파일\자료구조</Filter>
    </ClInclude>
    <ClInclude Include="Weekend0920.h">
      <Filter>헤더 파일</Filter>
    </ClInclude>
  </ItemGroup>
</Project>